
Microsoft Visual Studio Solution File, Format Version 12.00
# Visual Studio Version 16
VisualStudioVersion = 16.0.29215.179
MinimumVisualStudioVersion = 10.0.40219.1
Project("{FAE04EC0-301F-11D3-BF4B-00C04F79EFBC}") = "DoHoangHuy", "DoHoangHuy\DoHoangHuy.csproj", "{A2FBD65D-A7E5-47A7-B831-4A2802B5CE70}"
EndProject
Global
	GlobalSection(SolutionConfigurationPlatforms) = preSolution
		Debug|Any CPU = Debug|Any CPU
		Release|Any CPU = Release|Any CPU
	EndGlobalSection
	GlobalSection(ProjectConfigurationPlatforms) = postSolution
		{A2FBD65D-A7E5-47A7-B831-4A2802B5CE70}.Debug|Any CPU.ActiveCfg = Debug|Any CPU
		{A2FBD65D-A7E5-47A7-B831-4A2802B5CE70}.Debug|Any CPU.Build.0 = Debug|Any CPU
		{A2FBD65D-A7E5-47A7-B831-4A2802B5CE70}.Release|Any CPU.ActiveCfg = Release|Any CPU
		{A2FBD65D-A7E5-47A7-B831-4A2802B5CE70}.Release|Any CPU.Build.0 = Release|Any CPU
	EndGlobalSection
	GlobalSection(SolutionProperties) = preSolution
		HideSolutionNode = FALSE
	EndGlobalSection
	GlobalSection(ExtensibilityGlobals) = postSolution
		SolutionGuid = {5F3439F8-4F7A-4BBC-8047-84A193565A63}
	EndGlobalSection
EndGlobal
